
Microsoft Visual Studio Solution File, Format Version 12.00
# Visual Studio 15
VisualStudioVersion = 15.0.28307.852
MinimumVisualStudioVersion = 10.0.40219.1
Project("{8BC9CEB8-8B4A-11D0-8D11-00A0C91BC942}") = "DllReplaceAllStrings", "DllReplaceAllStrings\DllReplaceAllStrings.vcxproj", "{1FF923FC-C21C-4FB3-A155-F8F81C045F1E}"
EndProject
Project("{8BC9CEB8-8B4A-11D0-8D11-00A0C91BC942}") = "ConsoleApplication1", "ConsoleApplication1\ConsoleApplication1.vcxproj", "{21D1A8F2-DBBA-4307-9081-5C255EC4C0E1}"
EndProject
Project("{8BC9CEB8-8B4A-11D0-8D11-00A0C91BC942}") = "ConsoleApplication2", "ConsoleApplication2\ConsoleApplication2.vcxproj", "{BA9A11E8-3FFA-4C98-A58E-65BB0732CC32}"
EndProject
Project("{8BC9CEB8-8B4A-11D0-8D11-00A0C91BC942}") = "ConsoleApplication3", "ConsoleApplication3\ConsoleApplication3.vcxproj", "{54D7C8DA-AC89-4DCC-9965-DF2AE2C25263}"
EndProject
Global
	GlobalSection(SolutionConfigurationPlatforms) = preSolution
		Debug|x64 = Debug|x64
		Debug|x86 = Debug|x86
		Release|x64 = Release|x64
		Release|x86 = Release|x86
	EndGlobalSection
	GlobalSection(ProjectConfigurationPlatforms) = postSolution
		{1FF923FC-C21C-4FB3-A155-F8F81C045F1E}.Debug|x64.ActiveCfg = Debug|x64
		{1FF923FC-C21C-4FB3-A155-F8F81C045F1E}.Debug|x64.Build.0 = Debug|x64
		{1FF923FC-C21C-4FB3-A155-F8F81C045F1E}.Debug|x86.ActiveCfg = Debug|Win32
		{1FF923FC-C21C-4FB3-A155-F8F81C045F1E}.Debug|x86.Build.0 = Debug|Win32
		{1FF923FC-C21C-4FB3-A155-F8F81C045F1E}.Release|x64.ActiveCfg = Release|x64
		{1FF923FC-C21C-4FB3-A155-F8F81C045F1E}.Release|x64.Build.0 = Release|x64
		{1FF923FC-C21C-4FB3-A155-F8F81C045F1E}.Release|x86.ActiveCfg = Release|Win32
		{1FF923FC-C21C-4FB3-A155-F8F81C045F1E}.Release|x86.Build.0 = Release|Win32
		{21D1A8F2-DBBA-4307-9081-5C255EC4C0E1}.Debug|x64.ActiveCfg = Debug|x64
		{21D1A8F2-DBBA-4307-9081-5C255EC4C0E1}.Debug|x64.Build.0 = Debug|x64
		{21D1A8F2-DBBA-4307-9081-5C255EC4C0E1}.Debug|x86.ActiveCfg = Debug|Win32
		{21D1A8F2-DBBA-4307-9081-5C255EC4C0E1}.Debug|x86.Build.0 = Debug|Win32
		{21D1A8F2-DBBA-4307-9081-5C255EC4C0E1}.Release|x64.ActiveCfg = Release|x64
		{21D1A8F2-DBBA-4307-9081-5C255EC4C0E1}.Release|x64.Build.0 = Release|x64
		{21D1A8F2-DBBA-4307-9081-5C255EC4C0E1}.Release|x86.ActiveCfg = Release|Win32
		{21D1A8F2-DBBA-4307-9081-5C255EC4C0E1}.Release|x86.Build.0 = Release|Win32
		{BA9A11E8-3FFA-4C98-A58E-65BB0732CC32}.Debug|x64.ActiveCfg = Debug|x64
		{BA9A11E8-3FFA-4C98-A58E-65BB0732CC32}.Debug|x64.Build.0 = Debug|x64
		{BA9A11E8-3FFA-4C98-A58E-65BB0732CC32}.Debug|x86.ActiveCfg = Debug|Win32
		{BA9A11E8-3FFA-4C98-A58E-65BB0732CC32}.Debug|x86.Build.0 = Debug|Win32
		{BA9A11E8-3FFA-4C98-A58E-65BB0732CC32}.Release|x64.ActiveCfg = Release|x64
		{BA9A11E8-3FFA-4C98-A58E-65BB0732CC32}.Release|x64.Build.0 = Release|x64
		{BA9A11E8-3FFA-4C98-A58E-65BB0732CC32}.Release|x86.ActiveCfg = Release|Win32
		{BA9A11E8-3FFA-4C98-A58E-65BB0732CC32}.Release|x86.Build.0 = Release|Win32
		{54D7C8DA-AC89-4DCC-9965-DF2AE2C25263}.Debug|x64.ActiveCfg = Debug|x64
		{54D7C8DA-AC89-4DCC-9965-DF2AE2C25263}.Debug|x64.Build.0 = Debug|x64
		{54D7C8DA-AC89-4DCC-9965-DF2AE2C25263}.Debug|x86.ActiveCfg = Debug|Win32
		{54D7C8DA-AC89-4DCC-9965-DF2AE2C25263}.Debug|x86.Build.0 = Debug|Win32
		{54D7C8DA-AC89-4DCC-9965-DF2AE2C25263}.Release|x64.ActiveCfg = Release|x64
		{54D7C8DA-AC89-4DCC-9965-DF2AE2C25263}.Release|x64.Build.0 = Release|x64
		{54D7C8DA-AC89-4DCC-9965-DF2AE2C25263}.Release|x86.ActiveCfg = Release|Win32
		{54D7C8DA-AC89-4DCC-9965-DF2AE2C25263}.Release|x86.Build.0 = Release|Win32
	EndGlobalSection
	GlobalSection(SolutionProperties) = preSolution
		HideSolutionNode = FALSE
	EndGlobalSection
	GlobalSection(ExtensibilityGlobals) = postSolution
		SolutionGuid = {AC2947BA-32E7-43D5-8491-A7C69F3A965B}
	EndGlobalSection
EndGlobal
